
Microsoft Visual Studio Solution File, Format Version 12.00
# Visual Studio 2012
Project("{FAE04EC0-301F-11D3-BF4B-00C04F79EFBC}") = "AJAX_Basics_ASP", "AJAX_Basics_ASP\AJAX_Basics_ASP.csproj", "{8C275BEA-0B3B-4337-BBFC-E237064E42C8}"
EndProject
Project("{FAE04EC0-301F-11D3-BF4B-00C04F79EFBC}") = "AJAX_Basics_ASP2", "AJAX_Basics_ASP2\AJAX_Basics_ASP2.csproj", "{88BCF5F2-E02A-4B09-9E7B-BC4B12FEDD77}"
EndProject
Global
	GlobalSection(SolutionConfigurationPlatforms) = preSolution
		Debug|Any CPU = Debug|Any CPU
		Release|Any CPU = Release|Any CPU
	EndGlobalSection
	GlobalSection(ProjectConfigurationPlatforms) = postSolution
		{8C275BEA-0B3B-4337-BBFC-E237064E42C8}.Debug|Any CPU.ActiveCfg = Debug|Any CPU
		{8C275BEA-0B3B-4337-BBFC-E237064E42C8}.Debug|Any CPU.Build.0 = Debug|Any CPU
		{8C275BEA-0B3B-4337-BBFC-E237064E42C8}.Release|Any CPU.ActiveCfg = Release|Any CPU
		{8C275BEA-0B3B-4337-BBFC-E237064E42C8}.Release|Any CPU.Build.0 = Release|Any CPU
		{88BCF5F2-E02A-4B09-9E7B-BC4B12FEDD77}.Debug|Any CPU.ActiveCfg = Debug|Any CPU
		{88BCF5F2-E02A-4B09-9E7B-BC4B12FEDD77}.Debug|Any CPU.Build.0 = Debug|Any CPU
		{88BCF5F2-E02A-4B09-9E7B-BC4B12FEDD77}.Release|Any CPU.ActiveCfg = Release|Any CPU
		{88BCF5F2-E02A-4B09-9E7B-BC4B12FEDD77}.Release|Any CPU.Build.0 = Release|Any CPU
	EndGlobalSection
	GlobalSection(SolutionProperties) = preSolution
		HideSolutionNode = FALSE
	EndGlobalSection
EndGlobal
