
Microsoft Visual Studio Solution File, Format Version 12.00
# Visual Studio 2012
Project("{FAE04EC0-301F-11D3-BF4B-00C04F79EFBC}") = "AppSettingsSection", "MailMessagesSending\AppSettingsSection.csproj", "{7B0D320C-8211-4FA7-B4DB-E87B91475A31}"
EndProject
Project("{FAE04EC0-301F-11D3-BF4B-00C04F79EFBC}") = "MailSending", "MailSending\MailSending.csproj", "{B2298F37-8EB7-4E50-999D-428875CA1223}"
EndProject
Global
	GlobalSection(SolutionConfigurationPlatforms) = preSolution
		Debug|Any CPU = Debug|Any CPU
		Release|Any CPU = Release|Any CPU
	EndGlobalSection
	GlobalSection(ProjectConfigurationPlatforms) = postSolution
		{7B0D320C-8211-4FA7-B4DB-E87B91475A31}.Debug|Any CPU.ActiveCfg = Debug|Any CPU
		{7B0D320C-8211-4FA7-B4DB-E87B91475A31}.Debug|Any CPU.Build.0 = Debug|Any CPU
		{7B0D320C-8211-4FA7-B4DB-E87B91475A31}.Release|Any CPU.ActiveCfg = Release|Any CPU
		{7B0D320C-8211-4FA7-B4DB-E87B91475A31}.Release|Any CPU.Build.0 = Release|Any CPU
		{B2298F37-8EB7-4E50-999D-428875CA1223}.Debug|Any CPU.ActiveCfg = Debug|Any CPU
		{B2298F37-8EB7-4E50-999D-428875CA1223}.Debug|Any CPU.Build.0 = Debug|Any CPU
		{B2298F37-8EB7-4E50-999D-428875CA1223}.Release|Any CPU.ActiveCfg = Release|Any CPU
		{B2298F37-8EB7-4E50-999D-428875CA1223}.Release|Any CPU.Build.0 = Release|Any CPU
	EndGlobalSection
	GlobalSection(SolutionProperties) = preSolution
		HideSolutionNode = FALSE
	EndGlobalSection
EndGlobal
